// !$*UTF8*$!
{
	archiveVersion = 1;
	classes = {
	};
	objectVersion = 46;
	objects = {

/* Begin PBXBuildFile section */
		FEA949161D03045B00840844 /* main.m in Sources */ = {isa = PBXBuildFile; fileRef = FEA949151D03045B00840844 /* main.m */; };
		FEA9491F1D03045B00840844 /* Main.storyboard in Resources */ = {isa = PBXBuildFile; fileRef = FEA9491D1D03045B00840844 /* Main.storyboard */; };
		FEA949211D03045B00840844 /* Assets.xcassets in Resources */ = {isa = PBXBuildFile; fileRef = FEA949201D03045B00840844 /* Assets.xcassets */; };
		FEA949241D03045B00840844 /* LaunchScreen.storyboard in Resources */ = {isa = PBXBuildFile; fileRef = FEA949221D03045B00840844 /* LaunchScreen.storyboard */; };
		FEA949841D03048900840844 /* SMBll.m in Sources */ = {isa = PBXBuildFile; fileRef = FEA9492E1D03048900840844 /* SMBll.m */; };
		FEA949851D03048900840844 /* SMDBHelper.m in Sources */ = {isa = PBXBuildFile; fileRef = FEA949321D03048900840844 /* SMDBHelper.m */; };
		FEA949861D03048900840844 /* SMDBManager.m in Sources */ = {isa = PBXBuildFile; fileRef = FEA949341D03048900840844 /* SMDBManager.m */; };
		FEA949871D03048900840844 /* FMDatabase.m in Sources */ = {isa = PBXBuildFile; fileRef = FEA949371D03048900840844 /* FMDatabase.m */; };
		FEA949881D03048900840844 /* FMDatabaseAdditions.m in Sources */ = {isa = PBXBuildFile; fileRef = FEA949391D03048900840844 /* FMDatabaseAdditions.m */; };
		FEA949891D03048900840844 /* FMDatabasePool.m in Sources */ = {isa = PBXBuildFile; fileRef = FEA9493B1D03048900840844 /* FMDatabasePool.m */; };
		FEA9498A1D03048900840844 /* FMDatabaseQueue.m in Sources */ = {isa = PBXBuildFile; fileRef = FEA9493D1D03048900840844 /* FMDatabaseQueue.m */; };
		FEA9498B1D03048900840844 /* FMResultSet.m in Sources */ = {isa = PBXBuildFile; fileRef = FEA949401D03048900840844 /* FMResultSet.m */; };
		FEA9498C1D03048900840844 /* NSObject+SM.m in Sources */ = {isa = PBXBuildFile; fileRef = FEA949431D03048900840844 /* NSObject+SM.m */; };
		FEA9498D1D03048900840844 /* NSString+SM.m in Sources */ = {isa = PBXBuildFile; fileRef = FEA949451D03048900840844 /* NSString+SM.m */; };
		FEA9498E1D03048900840844 /* UIDevice+SM.m in Sources */ = {isa = PBXBuildFile; fileRef = FEA949481D03048900840844 /* UIDevice+SM.m */; };
		FEA9498F1D03048900840844 /* UIView+SMFrame.m in Sources */ = {isa = PBXBuildFile; fileRef = FEA9494A1D03048900840844 /* UIView+SMFrame.m */; };
		FEA949901D03048900840844 /* SMAPI.m in Sources */ = {isa = PBXBuildFile; fileRef = FEA9494F1D03048900840844 /* SMAPI.m */; };
		FEA949911D03048900840844 /* SMDAO.m in Sources */ = {isa = PBXBuildFile; fileRef = FEA949521D03048900840844 /* SMDAO.m */; };
		FEA949921D03048900840844 /* SMLogSys.m in Sources */ = {isa = PBXBuildFile; fileRef = FEA9495C1D03048900840844 /* SMLogSys.m */; };
		FEA949931D03048900840844 /* NSUserDefaults+SMModel.m in Sources */ = {isa = PBXBuildFile; fileRef = FEA9495F1D03048900840844 /* NSUserDefaults+SMModel.m */; };
		FEA949941D03048900840844 /* SMModel.m in Sources */ = {isa = PBXBuildFile; fileRef = FEA949611D03048900840844 /* SMModel.m */; };
		FEA949951D03048900840844 /* AFHTTPRequestOperation.m in Sources */ = {isa = PBXBuildFile; fileRef = FEA949651D03048900840844 /* AFHTTPRequestOperation.m */; };
		FEA949961D03048900840844 /* AFHTTPRequestOperationManager.m in Sources */ = {isa = PBXBuildFile; fileRef = FEA949671D03048900840844 /* AFHTTPRequestOperationManager.m */; };
		FEA949971D03048900840844 /* AFHTTPSessionManager.m in Sources */ = {isa = PBXBuildFile; fileRef = FEA949691D03048900840844 /* AFHTTPSessionManager.m */; };
		FEA949981D03048900840844 /* AFNetworkReachabilityManager.m in Sources */ = {isa = PBXBuildFile; fileRef = FEA9496C1D03048900840844 /* AFNetworkReachabilityManager.m */; };
		FEA949991D03048900840844 /* AFSecurityPolicy.m in Sources */ = {isa = PBXBuildFile; fileRef = FEA9496E1D03048900840844 /* AFSecurityPolicy.m */; };
		FEA9499A1D03048900840844 /* AFURLConnectionOperation.m in Sources */ = {isa = PBXBuildFile; fileRef = FEA949701D03048900840844 /* AFURLConnectionOperation.m */; };
		FEA9499B1D03048900840844 /* AFURLRequestSerialization.m in Sources */ = {isa = PBXBuildFile; fileRef = FEA949721D03048900840844 /* AFURLRequestSerialization.m */; };
		FEA9499C1D03048900840844 /* AFURLResponseSerialization.m in Sources */ = {isa = PBXBuildFile; fileRef = FEA949741D03048900840844 /* AFURLResponseSerialization.m */; };
		FEA9499D1D03048900840844 /* AFURLSessionManager.m in Sources */ = {isa = PBXBuildFile; fileRef = FEA949761D03048900840844 /* AFURLSessionManager.m */; };
		FEA9499E1D03048900840844 /* SMAFNClient.m in Sources */ = {isa = PBXBuildFile; fileRef = FEA949791D03048900840844 /* SMAFNClient.m */; };
		FEA9499F1D03048900840844 /* SMNetManager.m in Sources */ = {isa = PBXBuildFile; fileRef = FEA9497C1D03048900840844 /* SMNetManager.m */; };
		FEA949A01D03048900840844 /* SMRequestQueue.m in Sources */ = {isa = PBXBuildFile; fileRef = FEA9497E1D03048900840844 /* SMRequestQueue.m */; };
		FEA949A11D03048900840844 /* SMUrlRequest+SM.m in Sources */ = {isa = PBXBuildFile; fileRef = FEA949801D03048900840844 /* SMUrlRequest+SM.m */; };
		FEA949A21D03048900840844 /* SMUrlRequest.m in Sources */ = {isa = PBXBuildFile; fileRef = FEA949831D03048900840844 /* SMUrlRequest.m */; };
		FEA949A41D0304A400840844 /* libsqlite3.0.tbd in Frameworks */ = {isa = PBXBuildFile; fileRef = FEA949A31D0304A400840844 /* libsqlite3.0.tbd */; };
		FEA949DD1D0323E200840844 /* AppDelegate.m in Sources */ = {isa = PBXBuildFile; fileRef = FEA949CF1D0323E200840844 /* AppDelegate.m */; };
		FEA949DE1D0323E200840844 /* OPRootViewController.m in Sources */ = {isa = PBXBuildFile; fileRef = FEA949D11D0323E200840844 /* OPRootViewController.m */; };
		FEA949E11D0323F100840844 /* OPNavigationController.m in Sources */ = {isa = PBXBuildFile; fileRef = FEA949E01D0323F100840844 /* OPNavigationController.m */; };
		FEA949E41D03248B00840844 /* OPNavigationView.m in Sources */ = {isa = PBXBuildFile; fileRef = FEA949E31D03248B00840844 /* OPNavigationView.m */; };
		FEA949E71D0324AA00840844 /* OPTabBarView.m in Sources */ = {isa = PBXBuildFile; fileRef = FEA949E61D0324AA00840844 /* OPTabBarView.m */; };
		FEA949EA1D0324E100840844 /* OPTabBarController.m in Sources */ = {isa = PBXBuildFile; fileRef = FEA949E91D0324E100840844 /* OPTabBarController.m */; };
		FEA949ED1D0328B100840844 /* OpBaseViewController.m in Sources */ = {isa = PBXBuildFile; fileRef = FEA949EC1D0328B100840844 /* OpBaseViewController.m */; };
		FEA949F81D03350200840844 /* OPMeViewController.m in Sources */ = {isa = PBXBuildFile; fileRef = FEA949F71D03350200840844 /* OPMeViewController.m */; };
		FEA949FB1D0337FC00840844 /* OPCarbonViewController.m in Sources */ = {isa = PBXBuildFile; fileRef = FEA949FA1D0337FC00840844 /* OPCarbonViewController.m */; };
		FEA949FE1D03384F00840844 /* OPMainViewController.m in Sources */ = {isa = PBXBuildFile; fileRef = FEA949FD1D03384F00840844 /* OPMainViewController.m */; };
/* End PBXBuildFile section */

/* Begin PBXFileReference section */
		FEA949111D03045B00840844 /* MyOnePice.app */ = {isa = PBXFileReference; explicitFileType = wrapper.application; includeInIndex = 0; path = MyOnePice.app; sourceTree = BUILT_PRODUCTS_DIR; };
		FEA949151D03045B00840844 /* main.m */ = {isa = PBXFileReference; lastKnownFileType = sourcecode.c.objc; path = main.m; sourceTree = "<group>"; };
		FEA9491E1D03045B00840844 /* Base */ = {isa = PBXFileReference; lastKnownFileType = file.storyboard; name = Base; path = Base.lproj/Main.storyboard; sourceTree = "<group>"; };
		FEA949201D03045B00840844 /* Assets.xcassets */ = {isa = PBXFileReference; lastKnownFileType = folder.assetcatalog; path = Assets.xcassets; sourceTree = "<group>"; };
		FEA949231D03045B00840844 /* Base */ = {isa = PBXFileReference; lastKnownFileType = file.storyboard; name = Base; path = Base.lproj/LaunchScreen.storyboard; sourceTree = "<group>"; };
		FEA949251D03045B00840844 /* Info.plist */ = {isa = PBXFileReference; lastKnownFileType = text.plist.xml; path = Info.plist; sourceTree = "<group>"; };
		FEA9492D1D03048900840844 /* SMBll.h */ = {isa = PBXFileReference; fileEncoding = 4; lastKnownFileType = sourcecode.c.h; path = SMBll.h; sourceTree = "<group>"; };
		FEA9492E1D03048900840844 /* SMBll.m */ = {isa = PBXFileReference; fileEncoding = 4; lastKnownFileType = sourcecode.c.objc; path = SMBll.m; sourceTree = "<group>"; };
		FEA949311D03048900840844 /* SMDBHelper.h */ = {isa = PBXFileReference; fileEncoding = 4; lastKnownFileType = sourcecode.c.h; path = SMDBHelper.h; sourceTree = "<group>"; };
		FEA949321D03048900840844 /* SMDBHelper.m */ = {isa = PBXFileReference; fileEncoding = 4; lastKnownFileType = sourcecode.c.objc; path = SMDBHelper.m; sourceTree = "<group>"; };
		FEA949331D03048900840844 /* SMDBManager.h */ = {isa = PBXFileReference; fileEncoding = 4; lastKnownFileType = sourcecode.c.h; path = SMDBManager.h; sourceTree = "<group>"; };
		FEA949341D03048900840844 /* SMDBManager.m */ = {isa = PBXFileReference; fileEncoding = 4; lastKnownFileType = sourcecode.c.objc; path = SMDBManager.m; sourceTree = "<group>"; };
		FEA949361D03048900840844 /* FMDatabase.h */ = {isa = PBXFileReference; fileEncoding = 4; lastKnownFileType = sourcecode.c.h; path = FMDatabase.h; sourceTree = "<group>"; };
		FEA949371D03048900840844 /* FMDatabase.m */ = {isa = PBXFileReference; fileEncoding = 4; lastKnownFileType = sourcecode.c.objc; path = FMDatabase.m; sourceTree = "<group>"; };
		FEA949381D03048900840844 /* FMDatabaseAdditions.h */ = {isa = PBXFileReference; fileEncoding = 4; lastKnownFileType = sourcecode.c.h; path = FMDatabaseAdditions.h; sourceTree = "<group>"; };
		FEA949391D03048900840844 /* FMDatabaseAdditions.m */ = {isa = PBXFileReference; fileEncoding = 4; lastKnownFileType = sourcecode.c.objc; path = FMDatabaseAdditions.m; sourceTree = "<group>"; };
		FEA9493A1D03048900840844 /* FMDatabasePool.h */ = {isa = PBXFileReference; fileEncoding = 4; lastKnownFileType = sourcecode.c.h; path = FMDatabasePool.h; sourceTree = "<group>"; };
		FEA9493B1D03048900840844 /* FMDatabasePool.m */ = {isa = PBXFileReference; fileEncoding = 4; lastKnownFileType = sourcecode.c.objc; path = FMDatabasePool.m; sourceTree = "<group>"; };
		FEA9493C1D03048900840844 /* FMDatabaseQueue.h */ = {isa = PBXFileReference; fileEncoding = 4; lastKnownFileType = sourcecode.c.h; path = FMDatabaseQueue.h; sourceTree = "<group>"; };
		FEA9493D1D03048900840844 /* FMDatabaseQueue.m */ = {isa = PBXFileReference; fileEncoding = 4; lastKnownFileType = sourcecode.c.objc; path = FMDatabaseQueue.m; sourceTree = "<group>"; };
		FEA9493E1D03048900840844 /* FMDB.h */ = {isa = PBXFileReference; fileEncoding = 4; lastKnownFileType = sourcecode.c.h; path = FMDB.h; sourceTree = "<group>"; };
		FEA9493F1D03048900840844 /* FMResultSet.h */ = {isa = PBXFileReference; fileEncoding = 4; lastKnownFileType = sourcecode.c.h; path = FMResultSet.h; sourceTree = "<group>"; };
		FEA949401D03048900840844 /* FMResultSet.m */ = {isa = PBXFileReference; fileEncoding = 4; lastKnownFileType = sourcecode.c.objc; path = FMResultSet.m; sourceTree = "<group>"; };
		FEA949421D03048900840844 /* NSObject+SM.h */ = {isa = PBXFileReference; fileEncoding = 4; lastKnownFileType = sourcecode.c.h; path = "NSObject+SM.h"; sourceTree = "<group>"; };
		FEA949431D03048900840844 /* NSObject+SM.m */ = {isa = PBXFileReference; fileEncoding = 4; lastKnownFileType = sourcecode.c.objc; path = "NSObject+SM.m"; sourceTree = "<group>"; };
		FEA949441D03048900840844 /* NSString+SM.h */ = {isa = PBXFileReference; fileEncoding = 4; lastKnownFileType = sourcecode.c.h; path = "NSString+SM.h"; sourceTree = "<group>"; };
		FEA949451D03048900840844 /* NSString+SM.m */ = {isa = PBXFileReference; fileEncoding = 4; lastKnownFileType = sourcecode.c.objc; path = "NSString+SM.m"; sourceTree = "<group>"; };
		FEA949461D03048900840844 /* SMCate.h */ = {isa = PBXFileReference; fileEncoding = 4; lastKnownFileType = sourcecode.c.h; path = SMCate.h; sourceTree = "<group>"; };
		FEA949471D03048900840844 /* UIDevice+SM.h */ = {isa = PBXFileReference; fileEncoding = 4; lastKnownFileType = sourcecode.c.h; path = "UIDevice+SM.h"; sourceTree = "<group>"; };
		FEA949481D03048900840844 /* UIDevice+SM.m */ = {isa = PBXFileReference; fileEncoding = 4; lastKnownFileType = sourcecode.c.objc; path = "UIDevice+SM.m"; sourceTree = "<group>"; };
		FEA949491D03048900840844 /* UIView+SMFrame.h */ = {isa = PBXFileReference; fileEncoding = 4; lastKnownFileType = sourcecode.c.h; path = "UIView+SMFrame.h"; sourceTree = "<group>"; };
		FEA9494A1D03048900840844 /* UIView+SMFrame.m */ = {isa = PBXFileReference; fileEncoding = 4; lastKnownFileType = sourcecode.c.objc; path = "UIView+SMFrame.m"; sourceTree = "<group>"; };
		FEA9494B1D03048900840844 /* SMConfig.h */ = {isa = PBXFileReference; fileEncoding = 4; lastKnownFileType = sourcecode.c.h; path = SMConfig.h; sourceTree = "<group>"; };
		FEA9494E1D03048900840844 /* SMAPI.h */ = {isa = PBXFileReference; fileEncoding = 4; lastKnownFileType = sourcecode.c.h; path = SMAPI.h; sourceTree = "<group>"; };
		FEA9494F1D03048900840844 /* SMAPI.m */ = {isa = PBXFileReference; fileEncoding = 4; lastKnownFileType = sourcecode.c.objc; path = SMAPI.m; sourceTree = "<group>"; };
		FEA949511D03048900840844 /* SMDAO.h */ = {isa = PBXFileReference; fileEncoding = 4; lastKnownFileType = sourcecode.c.h; path = SMDAO.h; sourceTree = "<group>"; };
		FEA949521D03048900840844 /* SMDAO.m */ = {isa = PBXFileReference; fileEncoding = 4; lastKnownFileType = sourcecode.c.objc; path = SMDAO.m; sourceTree = "<group>"; };
		FEA949531D03048900840844 /* SMFrameWork.h */ = {isa = PBXFileReference; fileEncoding = 4; lastKnownFileType = sourcecode.c.h; path = SMFrameWork.h; sourceTree = "<group>"; };
		FEA949551D03048900840844 /* DataHeader.h */ = {isa = PBXFileReference; fileEncoding = 4; lastKnownFileType = sourcecode.c.h; path = DataHeader.h; sourceTree = "<group>"; };
		FEA949561D03048900840844 /* UIHeader.h */ = {isa = PBXFileReference; fileEncoding = 4; lastKnownFileType = sourcecode.c.h; path = UIHeader.h; sourceTree = "<group>"; };
		FEA949581D03048900840844 /* SMLog.h */ = {isa = PBXFileReference; fileEncoding = 4; lastKnownFileType = sourcecode.c.h; path = SMLog.h; sourceTree = "<group>"; };
		FEA949591D03048900840844 /* SMLogConfig.h */ = {isa = PBXFileReference; fileEncoding = 4; lastKnownFileType = sourcecode.c.h; path = SMLogConfig.h; sourceTree = "<group>"; };
		FEA9495A1D03048900840844 /* SMLogKey.h */ = {isa = PBXFileReference; fileEncoding = 4; lastKnownFileType = sourcecode.c.h; path = SMLogKey.h; sourceTree = "<group>"; };
		FEA9495B1D03048900840844 /* SMLogSys.h */ = {isa = PBXFileReference; fileEncoding = 4; lastKnownFileType = sourcecode.c.h; path = SMLogSys.h; sourceTree = "<group>"; };
		FEA9495C1D03048900840844 /* SMLogSys.m */ = {isa = PBXFileReference; fileEncoding = 4; lastKnownFileType = sourcecode.c.objc; path = SMLogSys.m; sourceTree = "<group>"; };
		FEA9495E1D03048900840844 /* NSUserDefaults+SMModel.h */ = {isa = PBXFileReference; fileEncoding = 4; lastKnownFileType = sourcecode.c.h; path = "NSUserDefaults+SMModel.h"; sourceTree = "<group>"; };
		FEA9495F1D03048900840844 /* NSUserDefaults+SMModel.m */ = {isa = PBXFileReference; fileEncoding = 4; lastKnownFileType = sourcecode.c.objc; path = "NSUserDefaults+SMModel.m"; sourceTree = "<group>"; };
		FEA949601D03048900840844 /* SMModel.h */ = {isa = PBXFileReference; fileEncoding = 4; lastKnownFileType = sourcecode.c.h; path = SMModel.h; sourceTree = "<group>"; };
		FEA949611D03048900840844 /* SMModel.m */ = {isa = PBXFileReference; fileEncoding = 4; lastKnownFileType = sourcecode.c.objc; path = SMModel.m; sourceTree = "<group>"; };
		FEA949641D03048900840844 /* AFHTTPRequestOperation.h */ = {isa = PBXFileReference; fileEncoding = 4; lastKnownFileType = sourcecode.c.h; path = AFHTTPRequestOperation.h; sourceTree = "<group>"; };
		FEA949651D03048900840844 /* AFHTTPRequestOperation.m */ = {isa = PBXFileReference; fileEncoding = 4; lastKnownFileType = sourcecode.c.objc; path = AFHTTPRequestOperation.m; sourceTree = "<group>"; };
		FEA949661D03048900840844 /* AFHTTPRequestOperationManager.h */ = {isa = PBXFileReference; fileEncoding = 4; lastKnownFileType = sourcecode.c.h; path = AFHTTPRequestOperationManager.h; sourceTree = "<group>"; };
		FEA949671D03048900840844 /* AFHTTPRequestOperationManager.m */ = {isa = PBXFileReference; fileEncoding = 4; lastKnownFileType = sourcecode.c.objc; path = AFHTTPRequestOperationManager.m; sourceTree = "<group>"; };
		FEA949681D03048900840844 /* AFHTTPSessionManager.h */ = {isa = PBXFileReference; fileEncoding = 4; lastKnownFileType = sourcecode.c.h; path = AFHTTPSessionManager.h; sourceTree = "<group>"; };
		FEA949691D03048900840844 /* AFHTTPSessionManager.m */ = {isa = PBXFileReference; fileEncoding = 4; lastKnownFileType = sourcecode.c.objc; path = AFHTTPSessionManager.m; sourceTree = "<group>"; };
		FEA9496A1D03048900840844 /* AFNetworking.h */ = {isa = PBXFileReference; fileEncoding = 4; lastKnownFileType = sourcecode.c.h; path = AFNetworking.h; sourceTree = "<group>"; };
		FEA9496B1D03048900840844 /* AFNetworkReachabilityManager.h */ = {isa = PBXFileReference; fileEncoding = 4; lastKnownFileType = sourcecode.c.h; path = AFNetworkReachabilityManager.h; sourceTree = "<group>"; };
		FEA9496C1D03048900840844 /* AFNetworkReachabilityManager.m */ = {isa = PBXFileReference; fileEncoding = 4; lastKnownFileType = sourcecode.c.objc; path = AFNetworkReachabilityManager.m; sourceTree = "<group>"; };
		FEA9496D1D03048900840844 /* AFSecurityPolicy.h */ = {isa = PBXFileReference; fileEncoding = 4; lastKnownFileType = sourcecode.c.h; path = AFSecurityPolicy.h; sourceTree = "<group>"; };
		FEA9496E1D03048900840844 /* AFSecurityPolicy.m */ = {isa = PBXFileReference; fileEncoding = 4; lastKnownFileType = sourcecode.c.objc; path = AFSecurityPolicy.m; sourceTree = "<group>"; };
		FEA9496F1D03048900840844 /* AFURLConnectionOperation.h */ = {isa = PBXFileReference; fileEncoding = 4; lastKnownFileType = sourcecode.c.h; path = AFURLConnectionOperation.h; sourceTree = "<group>"; };
		FEA949701D03048900840844 /* AFURLConnectionOperation.m */ = {isa = PBXFileReference; fileEncoding = 4; lastKnownFileType = sourcecode.c.objc; path = AFURLConnectionOperation.m; sourceTree = "<group>"; };
		FEA949711D03048900840844 /* AFURLRequestSerialization.h */ = {isa = PBXFileReference; fileEncoding = 4; lastKnownFileType = sourcecode.c.h; path = AFURLRequestSerialization.h; sourceTree = "<group>"; };
		FEA949721D03048900840844 /* AFURLRequestSerialization.m */ = {isa = PBXFileReference; fileEncoding = 4; lastKnownFileType = sourcecode.c.objc; path = AFURLRequestSerialization.m; sourceTree = "<group>"; };
		FEA949731D03048900840844 /* AFURLResponseSerialization.h */ = {isa = PBXFileReference; fileEncoding = 4; lastKnownFileType = sourcecode.c.h; path = AFURLResponseSerialization.h; sourceTree = "<group>"; };
		FEA949741D03048900840844 /* AFURLResponseSerialization.m */ = {isa = PBXFileReference; fileEncoding = 4; lastKnownFileType = sourcecode.c.objc; path = AFURLResponseSerialization.m; sourceTree = "<group>"; };
		FEA949751D03048900840844 /* AFURLSessionManager.h */ = {isa = PBXFileReference; fileEncoding = 4; lastKnownFileType = sourcecode.c.h; path = AFURLSessionManager.h; sourceTree = "<group>"; };
		FEA949761D03048900840844 /* AFURLSessionManager.m */ = {isa = PBXFileReference; fileEncoding = 4; lastKnownFileType = sourcecode.c.objc; path = AFURLSessionManager.m; sourceTree = "<group>"; };
		FEA949781D03048900840844 /* SMAFNClient.h */ = {isa = PBXFileReference; fileEncoding = 4; lastKnownFileType = sourcecode.c.h; path = SMAFNClient.h; sourceTree = "<group>"; };
		FEA949791D03048900840844 /* SMAFNClient.m */ = {isa = PBXFileReference; fileEncoding = 4; lastKnownFileType = sourcecode.c.objc; path = SMAFNClient.m; sourceTree = "<group>"; };
		FEA9497B1D03048900840844 /* SMNetManager.h */ = {isa = PBXFileReference; fileEncoding = 4; lastKnownFileType = sourcecode.c.h; path = SMNetManager.h; sourceTree = "<group>"; };
		FEA9497C1D03048900840844 /* SMNetManager.m */ = {isa = PBXFileReference; fileEncoding = 4; lastKnownFileType = sourcecode.c.objc; path = SMNetManager.m; sourceTree = "<group>"; };
		FEA9497D1D03048900840844 /* SMRequestQueue.h */ = {isa = PBXFileReference; fileEncoding = 4; lastKnownFileType = sourcecode.c.h; path = SMRequestQueue.h; sourceTree = "<group>"; };
		FEA9497E1D03048900840844 /* SMRequestQueue.m */ = {isa = PBXFileReference; fileEncoding = 4; lastKnownFileType = sourcecode.c.objc; path = SMRequestQueue.m; sourceTree = "<group>"; };
		FEA9497F1D03048900840844 /* SMUrlRequest+SM.h */ = {isa = PBXFileReference; fileEncoding = 4; lastKnownFileType = sourcecode.c.h; path = "SMUrlRequest+SM.h"; sourceTree = "<group>"; };
		FEA949801D03048900840844 /* SMUrlRequest+SM.m */ = {isa = PBXFileReference; fileEncoding = 4; lastKnownFileType = sourcecode.c.objc; path = "SMUrlRequest+SM.m"; sourceTree = "<group>"; };
		FEA949821D03048900840844 /* SMUrlRequest.h */ = {isa = PBXFileReference; fileEncoding = 4; lastKnownFileType = sourcecode.c.h; path = SMUrlRequest.h; sourceTree = "<group>"; };
		FEA949831D03048900840844 /* SMUrlRequest.m */ = {isa = PBXFileReference; fileEncoding = 4; lastKnownFileType = sourcecode.c.objc; path = SMUrlRequest.m; sourceTree = "<group>"; };
		FEA949A31D0304A400840844 /* libsqlite3.0.tbd */ = {isa = PBXFileReference; lastKnownFileType = "sourcecode.text-based-dylib-definition"; name = libsqlite3.0.tbd; path = usr/lib/libsqlite3.0.tbd; sourceTree = SDKROOT; };
		FEA949CE1D0323E200840844 /* AppDelegate.h */ = {isa = PBXFileReference; fileEncoding = 4; lastKnownFileType = sourcecode.c.h; path = AppDelegate.h; sourceTree = "<group>"; };
		FEA949CF1D0323E200840844 /* AppDelegate.m */ = {isa = PBXFileReference; fileEncoding = 4; lastKnownFileType = sourcecode.c.objc; path = AppDelegate.m; sourceTree = "<group>"; };
		FEA949D01D0323E200840844 /* OPRootViewController.h */ = {isa = PBXFileReference; fileEncoding = 4; lastKnownFileType = sourcecode.c.h; path = OPRootViewController.h; sourceTree = "<group>"; };
		FEA949D11D0323E200840844 /* OPRootViewController.m */ = {isa = PBXFileReference; fileEncoding = 4; lastKnownFileType = sourcecode.c.objc; path = OPRootViewController.m; sourceTree = "<group>"; };
		FEA949DF1D0323F100840844 /* OPNavigationController.h */ = {isa = PBXFileReference; fileEncoding = 4; lastKnownFileType = sourcecode.c.h; path = OPNavigationController.h; sourceTree = "<group>"; };
		FEA949E01D0323F100840844 /* OPNavigationController.m */ = {isa = PBXFileReference; fileEncoding = 4; lastKnownFileType = sourcecode.c.objc; path = OPNavigationController.m; sourceTree = "<group>"; };
		FEA949E21D03248B00840844 /* OPNavigationView.h */ = {isa = PBXFileReference; fileEncoding = 4; lastKnownFileType = sourcecode.c.h; path = OPNavigationView.h; sourceTree = "<group>"; };
		FEA949E31D03248B00840844 /* OPNavigationView.m */ = {isa = PBXFileReference; fileEncoding = 4; lastKnownFileType = sourcecode.c.objc; path = OPNavigationView.m; sourceTree = "<group>"; };
		FEA949E51D0324AA00840844 /* OPTabBarView.h */ = {isa = PBXFileReference; fileEncoding = 4; lastKnownFileType = sourcecode.c.h; path = OPTabBarView.h; sourceTree = "<group>"; };
		FEA949E61D0324AA00840844 /* OPTabBarView.m */ = {isa = PBXFileReference; fileEncoding = 4; lastKnownFileType = sourcecode.c.objc; path = OPTabBarView.m; sourceTree = "<group>"; };
		FEA949E81D0324E100840844 /* OPTabBarController.h */ = {isa = PBXFileReference; fileEncoding = 4; lastKnownFileType = sourcecode.c.h; path = OPTabBarController.h; sourceTree = "<group>"; };
		FEA949E91D0324E100840844 /* OPTabBarController.m */ = {isa = PBXFileReference; fileEncoding = 4; lastKnownFileType = sourcecode.c.objc; path = OPTabBarController.m; sourceTree = "<group>"; };
		FEA949EB1D0328B100840844 /* OpBaseViewController.h */ = {isa = PBXFileReference; fileEncoding = 4; lastKnownFileType = sourcecode.c.h; path = OpBaseViewController.h; sourceTree = "<group>"; };
		FEA949EC1D0328B100840844 /* OpBaseViewController.m */ = {isa = PBXFileReference; fileEncoding = 4; lastKnownFileType = sourcecode.c.objc; path = OpBaseViewController.m; sourceTree = "<group>"; };
		FEA949F51D0333B100840844 /* OPViewControllerProtocol.h */ = {isa = PBXFileReference; fileEncoding = 4; lastKnownFileType = sourcecode.c.h; path = OPViewControllerProtocol.h; sourceTree = "<group>"; };
		FEA949F61D03350200840844 /* OPMeViewController.h */ = {isa = PBXFileReference; fileEncoding = 4; lastKnownFileType = sourcecode.c.h; path = OPMeViewController.h; sourceTree = "<group>"; };
		FEA949F71D03350200840844 /* OPMeViewController.m */ = {isa = PBXFileReference; fileEncoding = 4; lastKnownFileType = sourcecode.c.objc; path = OPMeViewController.m; sourceTree = "<group>"; };
		FEA949F91D0337FC00840844 /* OPCarbonViewController.h */ = {isa = PBXFileReference; fileEncoding = 4; lastKnownFileType = sourcecode.c.h; path = OPCarbonViewController.h; sourceTree = "<group>"; };
		FEA949FA1D0337FC00840844 /* OPCarbonViewController.m */ = {isa = PBXFileReference; fileEncoding = 4; lastKnownFileType = sourcecode.c.objc; path = OPCarbonViewController.m; sourceTree = "<group>"; };
		FEA949FC1D03384F00840844 /* OPMainViewController.h */ = {isa = PBXFileReference; fileEncoding = 4; lastKnownFileType = sourcecode.c.h; path = OPMainViewController.h; sourceTree = "<group>"; };
		FEA949FD1D03384F00840844 /* OPMainViewController.m */ = {isa = PBXFileReference; fileEncoding = 4; lastKnownFileType = sourcecode.c.objc; path = OPMainViewController.m; sourceTree = "<group>"; };
/* End PBXFileReference section */

/* Begin PBXFrameworksBuildPhase section */
		FEA9490E1D03045B00840844 /* Frameworks */ = {
			isa = PBXFrameworksBuildPhase;
			buildActionMask = 2147483647;
			files = (
				FEA949A41D0304A400840844 /* libsqlite3.0.tbd in Frameworks */,
			);
			runOnlyForDeploymentPostprocessing = 0;
		};
/* End PBXFrameworksBuildPhase section */

/* Begin PBXGroup section */
		FEA949081D03045B00840844 = {
			isa = PBXGroup;
			children = (
				FEA949A31D0304A400840844 /* libsqlite3.0.tbd */,
				FEA9492B1D03048900840844 /* SMFrameWork */,
				FEA949131D03045B00840844 /* MyOnePice */,
				FEA949121D03045B00840844 /* Products */,
			);
			sourceTree = "<group>";
		};
		FEA949121D03045B00840844 /* Products */ = {
			isa = PBXGroup;
			children = (
				FEA949111D03045B00840844 /* MyOnePice.app */,
			);
			name = Products;
			sourceTree = "<group>";
		};
		FEA949131D03045B00840844 /* MyOnePice */ = {
			isa = PBXGroup;
			children = (
				FEA949C71D0323E200840844 /* Class */,
				FEA9491D1D03045B00840844 /* Main.storyboard */,
				FEA949201D03045B00840844 /* Assets.xcassets */,
				FEA949221D03045B00840844 /* LaunchScreen.storyboard */,
				FEA949251D03045B00840844 /* Info.plist */,
				FEA949141D03045B00840844 /* Supporting Files */,
			);
			path = MyOnePice;
			sourceTree = "<group>";
		};
		FEA949141D03045B00840844 /* Supporting Files */ = {
			isa = PBXGroup;
			children = (
				FEA949151D03045B00840844 /* main.m */,
			);
			name = "Supporting Files";
			sourceTree = "<group>";
		};
		FEA9492B1D03048900840844 /* SMFrameWork */ = {
			isa = PBXGroup;
			children = (
				FEA9492C1D03048900840844 /* SMBll */,
				FEA9492F1D03048900840844 /* SMCache */,
				FEA949411D03048900840844 /* SMCate */,
				FEA9494B1D03048900840844 /* SMConfig.h */,
				FEA9494C1D03048900840844 /* SMDal */,
				FEA949531D03048900840844 /* SMFrameWork.h */,
				FEA949541D03048900840844 /* SMHeader */,
				FEA949571D03048900840844 /* SMLog */,
				FEA9495D1D03048900840844 /* SMModel */,
				FEA949621D03048900840844 /* SMNet */,
			);
			path = SMFrameWork;
			sourceTree = "<group>";
		};
		FEA9492C1D03048900840844 /* SMBll */ = {
			isa = PBXGroup;
			children = (
				FEA9492D1D03048900840844 /* SMBll.h */,
				FEA9492E1D03048900840844 /* SMBll.m */,
			);
			path = SMBll;
			sourceTree = "<group>";
		};
		FEA9492F1D03048900840844 /* SMCache */ = {
			isa = PBXGroup;
			children = (
				FEA949301D03048900840844 /* DataBase */,
				FEA949351D03048900840844 /* fmdb */,
			);
			path = SMCache;
			sourceTree = "<group>";
		};
		FEA949301D03048900840844 /* DataBase */ = {
			isa = PBXGroup;
			children = (
				FEA949311D03048900840844 /* SMDBHelper.h */,
				FEA949321D03048900840844 /* SMDBHelper.m */,
				FEA949331D03048900840844 /* SMDBManager.h */,
				FEA949341D03048900840844 /* SMDBManager.m */,
			);
			path = DataBase;
			sourceTree = "<group>";
		};
		FEA949351D03048900840844 /* fmdb */ = {
			isa = PBXGroup;
			children = (
				FEA949361D03048900840844 /* FMDatabase.h */,
				FEA949371D03048900840844 /* FMDatabase.m */,
				FEA949381D03048900840844 /* FMDatabaseAdditions.h */,
				FEA949391D03048900840844 /* FMDatabaseAdditions.m */,
				FEA9493A1D03048900840844 /* FMDatabasePool.h */,
				FEA9493B1D03048900840844 /* FMDatabasePool.m */,
				FEA9493C1D03048900840844 /* FMDatabaseQueue.h */,
				FEA9493D1D03048900840844 /* FMDatabaseQueue.m */,
				FEA9493E1D03048900840844 /* FMDB.h */,
				FEA9493F1D03048900840844 /* FMResultSet.h */,
				FEA949401D03048900840844 /* FMResultSet.m */,
			);
			path = fmdb;
			sourceTree = "<group>";
		};
		FEA949411D03048900840844 /* SMCate */ = {
			isa = PBXGroup;
			children = (
				FEA949421D03048900840844 /* NSObject+SM.h */,
				FEA949431D03048900840844 /* NSObject+SM.m */,
				FEA949441D03048900840844 /* NSString+SM.h */,
				FEA949451D03048900840844 /* NSString+SM.m */,
				FEA949461D03048900840844 /* SMCate.h */,
				FEA949471D03048900840844 /* UIDevice+SM.h */,
				FEA949481D03048900840844 /* UIDevice+SM.m */,
				FEA949491D03048900840844 /* UIView+SMFrame.h */,
				FEA9494A1D03048900840844 /* UIView+SMFrame.m */,
			);
			path = SMCate;
			sourceTree = "<group>";
		};
		FEA9494C1D03048900840844 /* SMDal */ = {
			isa = PBXGroup;
			children = (
				FEA9494D1D03048900840844 /* SMAPI */,
				FEA949501D03048900840844 /* SMDB */,
			);
			path = SMDal;
			sourceTree = "<group>";
		};
		FEA9494D1D03048900840844 /* SMAPI */ = {
			isa = PBXGroup;
			children = (
				FEA9494E1D03048900840844 /* SMAPI.h */,
				FEA9494F1D03048900840844 /* SMAPI.m */,
			);
			path = SMAPI;
			sourceTree = "<group>";
		};
		FEA949501D03048900840844 /* SMDB */ = {
			isa = PBXGroup;
			children = (
				FEA949511D03048900840844 /* SMDAO.h */,
				FEA949521D03048900840844 /* SMDAO.m */,
			);
			path = SMDB;
			sourceTree = "<group>";
		};
		FEA949541D03048900840844 /* SMHeader */ = {
			isa = PBXGroup;
			children = (
				FEA949551D03048900840844 /* DataHeader.h */,
				FEA949561D03048900840844 /* UIHeader.h */,
			);
			path = SMHeader;
			sourceTree = "<group>";
		};
		FEA949571D03048900840844 /* SMLog */ = {
			isa = PBXGroup;
			children = (
				FEA949581D03048900840844 /* SMLog.h */,
				FEA949591D03048900840844 /* SMLogConfig.h */,
				FEA9495A1D03048900840844 /* SMLogKey.h */,
				FEA9495B1D03048900840844 /* SMLogSys.h */,
				FEA9495C1D03048900840844 /* SMLogSys.m */,
			);
			path = SMLog;
			sourceTree = "<group>";
		};
		FEA9495D1D03048900840844 /* SMModel */ = {
			isa = PBXGroup;
			children = (
				FEA9495E1D03048900840844 /* NSUserDefaults+SMModel.h */,
				FEA9495F1D03048900840844 /* NSUserDefaults+SMModel.m */,
				FEA949601D03048900840844 /* SMModel.h */,
				FEA949611D03048900840844 /* SMModel.m */,
			);
			path = SMModel;
			sourceTree = "<group>";
		};
		FEA949621D03048900840844 /* SMNet */ = {
			isa = PBXGroup;
			children = (
				FEA949631D03048900840844 /* AFNetworking */,
				FEA949771D03048900840844 /* SMAFNClient */,
				FEA9497A1D03048900840844 /* SMNetManager */,
				FEA949811D03048900840844 /* SMUrlRequest */,
			);
			path = SMNet;
			sourceTree = "<group>";
		};
		FEA949631D03048900840844 /* AFNetworking */ = {
			isa = PBXGroup;
			children = (
				FEA949641D03048900840844 /* AFHTTPRequestOperation.h */,
				FEA949651D03048900840844 /* AFHTTPRequestOperation.m */,
				FEA949661D03048900840844 /* AFHTTPRequestOperationManager.h */,
				FEA949671D03048900840844 /* AFHTTPRequestOperationManager.m */,
				FEA949681D03048900840844 /* AFHTTPSessionManager.h */,
				FEA949691D03048900840844 /* AFHTTPSessionManager.m */,
				FEA9496A1D03048900840844 /* AFNetworking.h */,
				FEA9496B1D03048900840844 /* AFNetworkReachabilityManager.h */,
				FEA9496C1D03048900840844 /* AFNetworkReachabilityManager.m */,
				FEA9496D1D03048900840844 /* AFSecurityPolicy.h */,
				FEA9496E1D03048900840844 /* AFSecurityPolicy.m */,
				FEA9496F1D03048900840844 /* AFURLConnectionOperation.h */,
				FEA949701D03048900840844 /* AFURLConnectionOperation.m */,
				FEA949711D03048900840844 /* AFURLRequestSerialization.h */,
				FEA949721D03048900840844 /* AFURLRequestSerialization.m */,
				FEA949731D03048900840844 /* AFURLResponseSerialization.h */,
				FEA949741D03048900840844 /* AFURLResponseSerialization.m */,
				FEA949751D03048900840844 /* AFURLSessionManager.h */,
				FEA949761D03048900840844 /* AFURLSessionManager.m */,
			);
			path = AFNetworking;
			sourceTree = "<group>";
		};
		FEA949771D03048900840844 /* SMAFNClient */ = {
			isa = PBXGroup;
			children = (
				FEA949781D03048900840844 /* SMAFNClient.h */,
				FEA949791D03048900840844 /* SMAFNClient.m */,
			);
			path = SMAFNClient;
			sourceTree = "<group>";
		};
		FEA9497A1D03048900840844 /* SMNetManager */ = {
			isa = PBXGroup;
			children = (
				FEA9497B1D03048900840844 /* SMNetManager.h */,
				FEA9497C1D03048900840844 /* SMNetManager.m */,
				FEA9497D1D03048900840844 /* SMRequestQueue.h */,
				FEA9497E1D03048900840844 /* SMRequestQueue.m */,
				FEA9497F1D03048900840844 /* SMUrlRequest+SM.h */,
				FEA949801D03048900840844 /* SMUrlRequest+SM.m */,
			);
			path = SMNetManager;
			sourceTree = "<group>";
		};
		FEA949811D03048900840844 /* SMUrlRequest */ = {
			isa = PBXGroup;
			children = (
				FEA949821D03048900840844 /* SMUrlRequest.h */,
				FEA949831D03048900840844 /* SMUrlRequest.m */,
			);
			path = SMUrlRequest;
			sourceTree = "<group>";
		};
		FEA949C71D0323E200840844 /* Class */ = {
			isa = PBXGroup;
			children = (
				FEA949C81D0323E200840844 /* Common */,
				FEA949CD1D0323E200840844 /* Main */,
				FEA949D21D0323E200840844 /* OnePice */,
				FEA949DC1D0323E200840844 /* OnePiceServer */,
			);
			path = Class;
			sourceTree = "<group>";
		};
		FEA949C81D0323E200840844 /* Common */ = {
			isa = PBXGroup;
			children = (
				FEA949F41D03332100840844 /* Protocol */,
				FEA949C91D0323E200840844 /* Cells */,
				FEA949CA1D0323E200840844 /* Objects */,
				FEA949CB1D0323E200840844 /* ViewControllers */,
				FEA949CC1D0323E200840844 /* Views */,
			);
			path = Common;
			sourceTree = "<group>";
		};
		FEA949C91D0323E200840844 /* Cells */ = {
			isa = PBXGroup;
			children = (
			);
			path = Cells;
			sourceTree = "<group>";
		};
		FEA949CA1D0323E200840844 /* Objects */ = {
			isa = PBXGroup;
			children = (
			);
			path = Objects;
			sourceTree = "<group>";
		};
		FEA949CB1D0323E200840844 /* ViewControllers */ = {
			isa = PBXGroup;
			children = (
				FEA949DF1D0323F100840844 /* OPNavigationController.h */,
				FEA949E01D0323F100840844 /* OPNavigationController.m */,
				FEA949E81D0324E100840844 /* OPTabBarController.h */,
				FEA949E91D0324E100840844 /* OPTabBarController.m */,
				FEA949EB1D0328B100840844 /* OpBaseViewController.h */,
				FEA949EC1D0328B100840844 /* OpBaseViewController.m */,
			);
			path = ViewControllers;
			sourceTree = "<group>";
		};
		FEA949CC1D0323E200840844 /* Views */ = {
			isa = PBXGroup;
			children = (
				FEA949E21D03248B00840844 /* OPNavigationView.h */,
				FEA949E31D03248B00840844 /* OPNavigationView.m */,
				FEA949E51D0324AA00840844 /* OPTabBarView.h */,
				FEA949E61D0324AA00840844 /* OPTabBarView.m */,
			);
			path = Views;
			sourceTree = "<group>";
		};
		FEA949CD1D0323E200840844 /* Main */ = {
			isa = PBXGroup;
			children = (
				FEA949CE1D0323E200840844 /* AppDelegate.h */,
				FEA949CF1D0323E200840844 /* AppDelegate.m */,
				FEA949D01D0323E200840844 /* OPRootViewController.h */,
				FEA949D11D0323E200840844 /* OPRootViewController.m */,
				FEA949FC1D03384F00840844 /* OPMainViewController.h */,
				FEA949FD1D03384F00840844 /* OPMainViewController.m */,
				FEA949F61D03350200840844 /* OPMeViewController.h */,
				FEA949F71D03350200840844 /* OPMeViewController.m */,
				FEA949F91D0337FC00840844 /* OPCarbonViewController.h */,
				FEA949FA1D0337FC00840844 /* OPCarbonViewController.m */,
			);
			path = Main;
			sourceTree = "<group>";
		};
		FEA949D21D0323E200840844 /* OnePice */ = {
			isa = PBXGroup;
			children = (
				FEA949D31D0323E200840844 /* Blls */,
				FEA949D41D0323E200840844 /* Dals */,
				FEA949D51D0323E200840844 /* Datas */,
				FEA949D61D0323E200840844 /* Managers */,
				FEA949D71D0323E200840844 /* Models */,
				FEA949D81D0323E200840844 /* UI */,
			);
			path = OnePice;
			sourceTree = "<group>";
		};
		FEA949D31D0323E200840844 /* Blls */ = {
			isa = PBXGroup;
			children = (
			);
			path = Blls;
			sourceTree = "<group>";
		};
		FEA949D41D0323E200840844 /* Dals */ = {
			isa = PBXGroup;
			children = (
			);
			path = Dals;
			sourceTree = "<group>";
		};
		FEA949D51D0323E200840844 /* Datas */ = {
			isa = PBXGroup;
			children = (
			);
			path = Datas;
			sourceTree = "<group>";
		};
		FEA949D61D0323E200840844 /* Managers */ = {
			isa = PBXGroup;
			children = (
			);
			path = Managers;
			sourceTree = "<group>";
		};
		FEA949D71D0323E200840844 /* Models */ = {
			isa = PBXGroup;
			children = (
			);
			path = Models;
			sourceTree = "<group>";
		};
		FEA949D81D0323E200840844 /* UI */ = {
			isa = PBXGroup;
			children = (
				FEA949D91D0323E200840844 /* Cells */,
				FEA949DA1D0323E200840844 /* Controllers */,
				FEA949DB1D0323E200840844 /* Views */,
			);
			path = UI;
			sourceTree = "<group>";
		};
		FEA949D91D0323E200840844 /* Cells */ = {
			isa = PBXGroup;
			children = (
			);
			path = Cells;
			sourceTree = "<group>";
		};
		FEA949DA1D0323E200840844 /* Controllers */ = {
			isa = PBXGroup;
			children = (
			);
			path = Controllers;
			sourceTree = "<group>";
		};
		FEA949DB1D0323E200840844 /* Views */ = {
			isa = PBXGroup;
			children = (
			);
			path = Views;
			sourceTree = "<group>";
		};
		FEA949DC1D0323E200840844 /* OnePiceServer */ = {
			isa = PBXGroup;
			children = (
			);
			path = OnePiceServer;
			sourceTree = "<group>";
		};
		FEA949F41D03332100840844 /* Protocol */ = {
			isa = PBXGroup;
			children = (
				FEA949F51D0333B100840844 /* OPViewControllerProtocol.h */,
			);
			path = Protocol;
			sourceTree = "<group>";
		};
/* End PBXGroup section */

/* Begin PBXNativeTarget section */
		FEA949101D03045B00840844 /* MyOnePice */ = {
			isa = PBXNativeTarget;
			buildConfigurationList = FEA949281D03045C00840844 /* Build configuration list for PBXNativeTarget "MyOnePice" */;
			buildPhases = (
				FEA9490D1D03045B00840844 /* Sources */,
				FEA9490E1D03045B00840844 /* Frameworks */,
				FEA9490F1D03045B00840844 /* Resources */,
			);
			buildRules = (
			);
			dependencies = (
			);
			name = MyOnePice;
			productName = MyOnePice;
			productReference = FEA949111D03045B00840844 /* MyOnePice.app */;
			productType = "com.apple.product-type.application";
		};
/* End PBXNativeTarget section */

/* Begin PBXProject section */
		FEA949091D03045B00840844 /* Project object */ = {
			isa = PBXProject;
			attributes = {
				LastUpgradeCheck = 0720;
				ORGANIZATIONNAME = sumrise.com;
				TargetAttributes = {
					FEA949101D03045B00840844 = {
						CreatedOnToolsVersion = 7.2;
					};
				};
			};
			buildConfigurationList = FEA9490C1D03045B00840844 /* Build configuration list for PBXProject "MyOnePice" */;
			compatibilityVersion = "Xcode 3.2";
			developmentRegion = English;
			hasScannedForEncodings = 0;
			knownRegions = (
				en,
				Base,
			);
			mainGroup = FEA949081D03045B00840844;
			productRefGroup = FEA949121D03045B00840844 /* Products */;
			projectDirPath = "";
			projectRoot = "";
			targets = (
				FEA949101D03045B00840844 /* MyOnePice */,
			);
		};
/* End PBXProject section */

/* Begin PBXResourcesBuildPhase section */
		FEA9490F1D03045B00840844 /* Resources */ = {
			isa = PBXResourcesBuildPhase;
			buildActionMask = 2147483647;
			files = (
				FEA949241D03045B00840844 /* LaunchScreen.storyboard in Resources */,
				FEA949211D03045B00840844 /* Assets.xcassets in Resources */,
				FEA9491F1D03045B00840844 /* Main.storyboard in Resources */,
			);
			runOnlyForDeploymentPostprocessing = 0;
		};
/* End PBXResourcesBuildPhase section */

/* Begin PBXSourcesBuildPhase section */
		FEA9490D1D03045B00840844 /* Sources */ = {
			isa = PBXSourcesBuildPhase;
			buildActionMask = 2147483647;
			files = (
				FEA9499B1D03048900840844 /* AFURLRequestSerialization.m in Sources */,
				FEA9499A1D03048900840844 /* AFURLConnectionOperation.m in Sources */,
				FEA949841D03048900840844 /* SMBll.m in Sources */,
				FEA949E41D03248B00840844 /* OPNavigationView.m in Sources */,
				FEA9498F1D03048900840844 /* UIView+SMFrame.m in Sources */,
				FEA9498D1D03048900840844 /* NSString+SM.m in Sources */,
				FEA9499D1D03048900840844 /* AFURLSessionManager.m in Sources */,
				FEA949911D03048900840844 /* SMDAO.m in Sources */,
				FEA949991D03048900840844 /* AFSecurityPolicy.m in Sources */,
				FEA949951D03048900840844 /* AFHTTPRequestOperation.m in Sources */,
				FEA949871D03048900840844 /* FMDatabase.m in Sources */,
				FEA9499E1D03048900840844 /* SMAFNClient.m in Sources */,
				FEA949FB1D0337FC00840844 /* OPCarbonViewController.m in Sources */,
				FEA949DD1D0323E200840844 /* AppDelegate.m in Sources */,
				FEA9499F1D03048900840844 /* SMNetManager.m in Sources */,
				FEA949EA1D0324E100840844 /* OPTabBarController.m in Sources */,
				FEA949F81D03350200840844 /* OPMeViewController.m in Sources */,
				FEA949ED1D0328B100840844 /* OpBaseViewController.m in Sources */,
				FEA949891D03048900840844 /* FMDatabasePool.m in Sources */,
				FEA949921D03048900840844 /* SMLogSys.m in Sources */,
				FEA9498A1D03048900840844 /* FMDatabaseQueue.m in Sources */,
				FEA949861D03048900840844 /* SMDBManager.m in Sources */,
				FEA9498C1D03048900840844 /* NSObject+SM.m in Sources */,
				FEA949A21D03048900840844 /* SMUrlRequest.m in Sources */,
				FEA949971D03048900840844 /* AFHTTPSessionManager.m in Sources */,
				FEA949931D03048900840844 /* NSUserDefaults+SMModel.m in Sources */,
				FEA949941D03048900840844 /* SMModel.m in Sources */,
				FEA949851D03048900840844 /* SMDBHelper.m in Sources */,
				FEA949961D03048900840844 /* AFHTTPRequestOperationManager.m in Sources */,
				FEA9498B1D03048900840844 /* FMResultSet.m in Sources */,
				FEA949A01D03048900840844 /* SMRequestQueue.m in Sources */,
				FEA949E11D0323F100840844 /* OPNavigationController.m in Sources */,
				FEA949901D03048900840844 /* SMAPI.m in Sources */,
				FEA949161D03045B00840844 /* main.m in Sources */,
				FEA949881D03048900840844 /* FMDatabaseAdditions.m in Sources */,
				FEA949DE1D0323E200840844 /* OPRootViewController.m in Sources */,
				FEA949FE1D03384F00840844 /* OPMainViewController.m in Sources */,
				FEA949981D03048900840844 /* AFNetworkReachabilityManager.m in Sources */,
				FEA949E71D0324AA00840844 /* OPTabBarView.m in Sources */,
				FEA9499C1D03048900840844 /* AFURLResponseSerialization.m in Sources */,
				FEA949A11D03048900840844 /* SMUrlRequest+SM.m in Sources */,
				FEA9498E1D03048900840844 /* UIDevice+SM.m in Sources */,
			);
			runOnlyForDeploymentPostprocessing = 0;
		};
/* End PBXSourcesBuildPhase section */

/* Begin PBXVariantGroup section */
		FEA9491D1D03045B00840844 /* Main.storyboard */ = {
			isa = PBXVariantGroup;
			children = (
				FEA9491E1D03045B00840844 /* Base */,
			);
			name = Main.storyboard;
			sourceTree = "<group>";
		};
		FEA949221D03045B00840844 /* LaunchScreen.storyboard */ = {
			isa = PBXVariantGroup;
			children = (
				FEA949231D03045B00840844 /* Base */,
			);
			name = LaunchScreen.storyboard;
			sourceTree = "<group>";
		};
/* End PBXVariantGroup section */

/* Begin XCBuildConfiguration section */
		FEA949261D03045B00840844 /* Debug */ = {
			isa = XCBuildConfiguration;
			buildSettings = {
				ALWAYS_SEARCH_USER_PATHS = NO;
				CLANG_CXX_LANGUAGE_STANDARD = "gnu++0x";
				CLANG_CXX_LIBRARY = "libc++";
				CLANG_ENABLE_MODULES = YES;
				CLANG_ENABLE_OBJC_ARC = YES;
				CLANG_WARN_BOOL_CONVERSION = YES;
				CLANG_WARN_CONSTANT_CONVERSION = YES;
				CLANG_WARN_DIRECT_OBJC_ISA_USAGE = YES_ERROR;
				CLANG_WARN_EMPTY_BODY = YES;
				CLANG_WARN_ENUM_CONVERSION = YES;
				CLANG_WARN_INT_CONVERSION = YES;
				CLANG_WARN_OBJC_ROOT_CLASS = YES_ERROR;
				CLANG_WARN_UNREACHABLE_CODE = YES;
				CLANG_WARN__DUPLICATE_METHOD_MATCH = YES;
				"CODE_SIGN_IDENTITY[sdk=iphoneos*]" = "iPhone Developer";
				COPY_PHASE_STRIP = NO;
				DEBUG_INFORMATION_FORMAT = dwarf;
				ENABLE_STRICT_OBJC_MSGSEND = YES;
				ENABLE_TESTABILITY = YES;
				GCC_C_LANGUAGE_STANDARD = gnu99;
				GCC_DYNAMIC_NO_PIC = NO;
				GCC_NO_COMMON_BLOCKS = YES;
				GCC_OPTIMIZATION_LEVEL = 0;
				GCC_PREPROCESSOR_DEFINITIONS = (
					"DEBUG=1",
					"$(inherited)",
				);
				GCC_WARN_64_TO_32_BIT_CONVERSION = YES;
				GCC_WARN_ABOUT_RETURN_TYPE = YES_ERROR;
				GCC_WARN_UNDECLARED_SELECTOR = YES;
				GCC_WARN_UNINITIALIZED_AUTOS = YES_AGGRESSIVE;
				GCC_WARN_UNUSED_FUNCTION = YES;
				GCC_WARN_UNUSED_VARIABLE = YES;
				IPHONEOS_DEPLOYMENT_TARGET = 9.2;
				MTL_ENABLE_DEBUG_INFO = YES;
				ONLY_ACTIVE_ARCH = YES;
				SDKROOT = iphoneos;
				TARGETED_DEVICE_FAMILY = "1,2";
			};
			name = Debug;
		};
		FEA949271D03045B00840844 /* Release */ = {
			isa = XCBuildConfiguration;
			buildSettings = {
				ALWAYS_SEARCH_USER_PATHS = NO;
				CLANG_CXX_LANGUAGE_STANDARD = "gnu++0x";
				CLANG_CXX_LIBRARY = "libc++";
				CLANG_ENABLE_MODULES = YES;
				CLANG_ENABLE_OBJC_ARC = YES;
				CLANG_WARN_BOOL_CONVERSION = YES;
				CLANG_WARN_CONSTANT_CONVERSION = YES;
				CLANG_WARN_DIRECT_OBJC_ISA_USAGE = YES_ERROR;
				CLANG_WARN_EMPTY_BODY = YES;
				CLANG_WARN_ENUM_CONVERSION = YES;
				CLANG_WARN_INT_CONVERSION = YES;
				CLANG_WARN_OBJC_ROOT_CLASS = YES_ERROR;
				CLANG_WARN_UNREACHABLE_CODE = YES;
				CLANG_WARN__DUPLICATE_METHOD_MATCH = YES;
				"CODE_SIGN_IDENTITY[sdk=iphoneos*]" = "iPhone Developer";
				COPY_PHASE_STRIP = NO;
				DEBUG_INFORMATION_FORMAT = "dwarf-with-dsym";
				ENABLE_NS_ASSERTIONS = NO;
				ENABLE_STRICT_OBJC_MSGSEND = YES;
				GCC_C_LANGUAGE_STANDARD = gnu99;
				GCC_NO_COMMON_BLOCKS = YES;
				GCC_WARN_64_TO_32_BIT_CONVERSION = YES;
				GCC_WARN_ABOUT_RETURN_TYPE = YES_ERROR;
				GCC_WARN_UNDECLARED_SELECTOR = YES;
				GCC_WARN_UNINITIALIZED_AUTOS = YES_AGGRESSIVE;
				GCC_WARN_UNUSED_FUNCTION = YES;
				GCC_WARN_UNUSED_VARIABLE = YES;
				IPHONEOS_DEPLOYMENT_TARGET = 9.2;
				MTL_ENABLE_DEBUG_INFO = NO;
				SDKROOT = iphoneos;
				TARGETED_DEVICE_FAMILY = "1,2";
				VALIDATE_PRODUCT = YES;
			};
			name = Release;
		};
		FEA949291D03045C00840844 /* Debug */ = {
			isa = XCBuildConfiguration;
			buildSettings = {
				ASSETCATALOG_COMPILER_APPICON_NAME = AppIcon;
				INFOPLIST_FILE = MyOnePice/Info.plist;
				LD_RUNPATH_SEARCH_PATHS = "$(inherited) @executable_path/Frameworks";
				PRODUCT_BUNDLE_IDENTIFIER = sumrise.com.MyOnePice;
				PRODUCT_NAME = "$(TARGET_NAME)";
			};
			name = Debug;
		};
		FEA9492A1D03045C00840844 /* Release */ = {
			isa = XCBuildConfiguration;
			buildSettings = {
				ASSETCATALOG_COMPILER_APPICON_NAME = AppIcon;
				INFOPLIST_FILE = MyOnePice/Info.plist;
				LD_RUNPATH_SEARCH_PATHS = "$(inherited) @executable_path/Frameworks";
				PRODUCT_BUNDLE_IDENTIFIER = sumrise.com.MyOnePice;
				PRODUCT_NAME = "$(TARGET_NAME)";
			};
			name = Release;
		};
/* End XCBuildConfiguration section */

/* Begin XCConfigurationList section */
		FEA9490C1D03045B00840844 /* Build configuration list for PBXProject "MyOnePice" */ = {
			isa = XCConfigurationList;
			buildConfigurations = (
				FEA949261D03045B00840844 /* Debug */,
				FEA949271D03045B00840844 /* Release */,
			);
			defaultConfigurationIsVisible = 0;
			defaultConfigurationName = Release;
		};
		FEA949281D03045C00840844 /* Build configuration list for PBXNativeTarget "MyOnePice" */ = {
			isa = XCConfigurationList;
			buildConfigurations = (
				FEA949291D03045C00840844 /* Debug */,
				FEA9492A1D03045C00840844 /* Release */,
			);
			defaultConfigurationIsVisible = 0;
			defaultConfigurationName = Release;
		};
/* End XCConfigurationList section */
	};
	rootObject = FEA949091D03045B00840844 /* Project object */;
}
